
Microsoft Visual Studio Solution File, Format Version 12.00
# Visual Studio Version 17
VisualStudioVersion = 17.5.33530.505
MinimumVisualStudioVersion = 10.0.40219.1
Project("{9A19103F-16F7-4668-BE54-9A1E7A4F7556}") = "NewJediwar.Server", "NewJediwar\Server\NewJediwar.Server.csproj", "{36AC97C7-3384-4628-A111-592B85C999E6}"
EndProject
Project("{9A19103F-16F7-4668-BE54-9A1E7A4F7556}") = "NewJediwar.Client", "NewJediwar\Client\NewJediwar.Client.csproj", "{7F65017F-83B9-4A22-892E-C3E76F05E3A3}"
EndProject
Project("{9A19103F-16F7-4668-BE54-9A1E7A4F7556}") = "NewJediwar.Shared", "NewJediwar\Shared\NewJediwar.Shared.csproj", "{52BE583B-CFAF-4256-B9A3-D519BCB3DD27}"
EndProject
Global
	GlobalSection(SolutionConfigurationPlatforms) = preSolution
		Debug|Any CPU = Debug|Any CPU
		Release|Any CPU = Release|Any CPU
	EndGlobalSection
	GlobalSection(ProjectConfigurationPlatforms) = postSolution
		{36AC97C7-3384-4628-A111-592B85C999E6}.Debug|Any CPU.ActiveCfg = Debug|Any CPU
		{36AC97C7-3384-4628-A111-592B85C999E6}.Debug|Any CPU.Build.0 = Debug|Any CPU
		{36AC97C7-3384-4628-A111-592B85C999E6}.Release|Any CPU.ActiveCfg = Release|Any CPU
		{36AC97C7-3384-4628-A111-592B85C999E6}.Release|Any CPU.Build.0 = Release|Any CPU
		{7F65017F-83B9-4A22-892E-C3E76F05E3A3}.Debug|Any CPU.ActiveCfg = Debug|Any CPU
		{7F65017F-83B9-4A22-892E-C3E76F05E3A3}.Debug|Any CPU.Build.0 = Debug|Any CPU
		{7F65017F-83B9-4A22-892E-C3E76F05E3A3}.Release|Any CPU.ActiveCfg = Release|Any CPU
		{7F65017F-83B9-4A22-892E-C3E76F05E3A3}.Release|Any CPU.Build.0 = Release|Any CPU
		{52BE583B-CFAF-4256-B9A3-D519BCB3DD27}.Debug|Any CPU.ActiveCfg = Debug|Any CPU
		{52BE583B-CFAF-4256-B9A3-D519BCB3DD27}.Debug|Any CPU.Build.0 = Debug|Any CPU
		{52BE583B-CFAF-4256-B9A3-D519BCB3DD27}.Release|Any CPU.ActiveCfg = Release|Any CPU
		{52BE583B-CFAF-4256-B9A3-D519BCB3DD27}.Release|Any CPU.Build.0 = Release|Any CPU
	EndGlobalSection
	GlobalSection(SolutionProperties) = preSolution
		HideSolutionNode = FALSE
	EndGlobalSection
	GlobalSection(ExtensibilityGlobals) = postSolution
		SolutionGuid = {CC9F3B6E-72E9-470C-8B76-9BCFA7F6D996}
	EndGlobalSection
EndGlobal
